// !$*UTF8*$!
{
	archiveVersion = 1;
	classes = {
	};
	objectVersion = 77;
	objects = {

/* Begin PBXBuildFile section */
		A31000112F90000100D0F001 /* CheckInDuckDeviceActivityMonitor.appex in Embed App Extensions */ = {isa = PBXBuildFile; fileRef = A31000032F90000100D0F001 /* CheckInDuckDeviceActivityMonitor.appex */; settings = {ATTRIBUTES = (RemoveHeadersOnCopy, ); }; };
		B41000112F91000100D0F001 /* CheckInDuckWidget.appex in Embed App Extensions */ = {isa = PBXBuildFile; fileRef = B41000032F91000100D0F001 /* CheckInDuckWidget.appex */; settings = {ATTRIBUTES = (RemoveHeadersOnCopy, ); }; };
/* End PBXBuildFile section */

/* Begin PBXContainerItemProxy section */
		A31000122F90000100D0F001 /* PBXContainerItemProxy */ = {
			isa = PBXContainerItemProxy;
			containerPortal = F006B4082F63A6CC00A17BC8 /* Project object */;
			proxyType = 1;
			remoteGlobalIDString = F006B40F2F63A6CC00A17BC8;
			remoteInfo = CheckInDuck;
		};
		A31000132F90000100D0F001 /* PBXContainerItemProxy */ = {
			isa = PBXContainerItemProxy;
			containerPortal = F006B4082F63A6CC00A17BC8 /* Project object */;
			proxyType = 1;
			remoteGlobalIDString = F006B40F2F63A6CC00A17BC8;
			remoteInfo = CheckInDuck;
		};
		A31000142F90000100D0F001 /* PBXContainerItemProxy */ = {
			isa = PBXContainerItemProxy;
			containerPortal = F006B4082F63A6CC00A17BC8 /* Project object */;
			proxyType = 1;
			remoteGlobalIDString = A310001A2F90000100D0F001;
			remoteInfo = CheckInDuckDeviceActivityMonitor;
		};
		B41000142F91000100D0F001 /* PBXContainerItemProxy */ = {
			isa = PBXContainerItemProxy;
			containerPortal = F006B4082F63A6CC00A17BC8 /* Project object */;
			proxyType = 1;
			remoteGlobalIDString = B410001A2F91000100D0F001;
			remoteInfo = CheckInDuckWidget;
		};
/* End PBXContainerItemProxy section */

/* Begin PBXCopyFilesBuildPhase section */
		A31000102F90000100D0F001 /* Embed App Extensions */ = {
			isa = PBXCopyFilesBuildPhase;
			buildActionMask = 2147483647;
			dstPath = "";
			dstSubfolderSpec = 13;
			files = (
				B41000112F91000100D0F001 /* CheckInDuckWidget.appex in Embed App Extensions */,
				A31000112F90000100D0F001 /* CheckInDuckDeviceActivityMonitor.appex in Embed App Extensions */,
			);
			name = "Embed App Extensions";
			runOnlyForDeploymentPostprocessing = 0;
		};
/* End PBXCopyFilesBuildPhase section */

/* Begin PBXFileReference section */
		A31000012F90000100D0F001 /* CheckInDuckTests.xctest */ = {isa = PBXFileReference; explicitFileType = wrapper.cfbundle; includeInIndex = 0; path = CheckInDuckTests.xctest; sourceTree = BUILT_PRODUCTS_DIR; };
		A31000022F90000100D0F001 /* CheckInDuckUITests.xctest */ = {isa = PBXFileReference; explicitFileType = wrapper.cfbundle; includeInIndex = 0; path = CheckInDuckUITests.xctest; sourceTree = BUILT_PRODUCTS_DIR; };
		A31000032F90000100D0F001 /* CheckInDuckDeviceActivityMonitor.appex */ = {isa = PBXFileReference; explicitFileType = "wrapper.app-extension"; includeInIndex = 0; path = CheckInDuckDeviceActivityMonitor.appex; sourceTree = BUILT_PRODUCTS_DIR; };
		B41000032F91000100D0F001 /* CheckInDuckWidget.appex */ = {isa = PBXFileReference; explicitFileType = "wrapper.app-extension"; includeInIndex = 0; path = CheckInDuckWidget.appex; sourceTree = BUILT_PRODUCTS_DIR; };
		F006B4102F63A6CC00A17BC8 /* CheckInDuck.app */ = {isa = PBXFileReference; explicitFileType = wrapper.application; includeInIndex = 0; path = CheckInDuck.app; sourceTree = BUILT_PRODUCTS_DIR; };
/* End PBXFileReference section */

/* Begin PBXFileSystemSynchronizedRootGroup section */
		A31000042F90000100D0F001 /* CheckInDuckTests */ = {
			isa = PBXFileSystemSynchronizedRootGroup;
			path = CheckInDuckTests;
			sourceTree = "<group>";
		};
		A31000052F90000100D0F001 /* CheckInDuckUITests */ = {
			isa = PBXFileSystemSynchronizedRootGroup;
			path = CheckInDuckUITests;
			sourceTree = "<group>";
		};
		A31000062F90000100D0F001 /* CheckInDuckDeviceActivityMonitor */ = {
			isa = PBXFileSystemSynchronizedRootGroup;
			path = CheckInDuckDeviceActivityMonitor;
			sourceTree = "<group>";
		};
		B41000062F91000100D0F001 /* CheckInDuckWidget */ = {
			isa = PBXFileSystemSynchronizedRootGroup;
			path = CheckInDuckWidget;
			sourceTree = "<group>";
		};
		F006B4122F63A6CC00A17BC8 /* CheckInDuck */ = {
			isa = PBXFileSystemSynchronizedRootGroup;
			path = CheckInDuck;
			sourceTree = "<group>";
		};
/* End PBXFileSystemSynchronizedRootGroup section */

/* Begin PBXFrameworksBuildPhase section */
		A31000072F90000100D0F001 /* Frameworks */ = {
			isa = PBXFrameworksBuildPhase;
			buildActionMask = 2147483647;
			files = (
			);
			runOnlyForDeploymentPostprocessing = 0;
		};
		A31000082F90000100D0F001 /* Frameworks */ = {
			isa = PBXFrameworksBuildPhase;
			buildActionMask = 2147483647;
			files = (
			);
			runOnlyForDeploymentPostprocessing = 0;
		};
		A31000092F90000100D0F001 /* Frameworks */ = {
			isa = PBXFrameworksBuildPhase;
			buildActionMask = 2147483647;
			files = (
			);
			runOnlyForDeploymentPostprocessing = 0;
		};
		B41000092F91000100D0F001 /* Frameworks */ = {
			isa = PBXFrameworksBuildPhase;
			buildActionMask = 2147483647;
			files = (
			);
			runOnlyForDeploymentPostprocessing = 0;
		};
		F006B40D2F63A6CC00A17BC8 /* Frameworks */ = {
			isa = PBXFrameworksBuildPhase;
			buildActionMask = 2147483647;
			files = (
			);
			runOnlyForDeploymentPostprocessing = 0;
		};
/* End PBXFrameworksBuildPhase section */

/* Begin PBXGroup section */
		F006B4072F63A6CC00A17BC8 = {
			isa = PBXGroup;
			children = (
				F006B4122F63A6CC00A17BC8 /* CheckInDuck */,
				B41000062F91000100D0F001 /* CheckInDuckWidget */,
				A31000042F90000100D0F001 /* CheckInDuckTests */,
				A31000052F90000100D0F001 /* CheckInDuckUITests */,
				A31000062F90000100D0F001 /* CheckInDuckDeviceActivityMonitor */,
				F006B4112F63A6CC00A17BC8 /* Products */,
			);
			sourceTree = "<group>";
		};
		F006B4112F63A6CC00A17BC8 /* Products */ = {
			isa = PBXGroup;
			children = (
				F006B4102F63A6CC00A17BC8 /* CheckInDuck.app */,
				B41000032F91000100D0F001 /* CheckInDuckWidget.appex */,
				A31000012F90000100D0F001 /* CheckInDuckTests.xctest */,
				A31000022F90000100D0F001 /* CheckInDuckUITests.xctest */,
				A31000032F90000100D0F001 /* CheckInDuckDeviceActivityMonitor.appex */,
			);
			name = Products;
			sourceTree = "<group>";
		};
/* End PBXGroup section */

/* Begin PBXNativeTarget section */
		A31000182F90000100D0F001 /* CheckInDuckTests */ = {
			isa = PBXNativeTarget;
			buildConfigurationList = A31000212F90000100D0F001 /* Build configuration list for PBXNativeTarget "CheckInDuckTests" */;
			buildPhases = (
				A310000D2F90000100D0F001 /* Sources */,
				A31000072F90000100D0F001 /* Frameworks */,
				A310000A2F90000100D0F001 /* Resources */,
			);
			buildRules = (
			);
			dependencies = (
				A31000152F90000100D0F001 /* PBXTargetDependency */,
			);
			fileSystemSynchronizedGroups = (
				A31000042F90000100D0F001 /* CheckInDuckTests */,
			);
			name = CheckInDuckTests;
			packageProductDependencies = (
			);
			productName = CheckInDuckTests;
			productReference = A31000012F90000100D0F001 /* CheckInDuckTests.xctest */;
			productType = "com.apple.product-type.bundle.unit-test";
		};
		A31000192F90000100D0F001 /* CheckInDuckUITests */ = {
			isa = PBXNativeTarget;
			buildConfigurationList = A31000222F90000100D0F001 /* Build configuration list for PBXNativeTarget "CheckInDuckUITests" */;
			buildPhases = (
				A310000E2F90000100D0F001 /* Sources */,
				A31000082F90000100D0F001 /* Frameworks */,
				A310000B2F90000100D0F001 /* Resources */,
			);
			buildRules = (
			);
			dependencies = (
				A31000162F90000100D0F001 /* PBXTargetDependency */,
			);
			fileSystemSynchronizedGroups = (
				A31000052F90000100D0F001 /* CheckInDuckUITests */,
			);
			name = CheckInDuckUITests;
			packageProductDependencies = (
			);
			productName = CheckInDuckUITests;
			productReference = A31000022F90000100D0F001 /* CheckInDuckUITests.xctest */;
			productType = "com.apple.product-type.bundle.ui-testing";
		};
		A310001A2F90000100D0F001 /* CheckInDuckDeviceActivityMonitor */ = {
			isa = PBXNativeTarget;
			buildConfigurationList = A31000232F90000100D0F001 /* Build configuration list for PBXNativeTarget "CheckInDuckDeviceActivityMonitor" */;
			buildPhases = (
				A310000F2F90000100D0F001 /* Sources */,
				A31000092F90000100D0F001 /* Frameworks */,
				A310000C2F90000100D0F001 /* Resources */,
			);
			buildRules = (
			);
			dependencies = (
			);
			fileSystemSynchronizedGroups = (
				A31000062F90000100D0F001 /* CheckInDuckDeviceActivityMonitor */,
			);
			name = CheckInDuckDeviceActivityMonitor;
			packageProductDependencies = (
			);
			productName = CheckInDuckDeviceActivityMonitor;
			productReference = A31000032F90000100D0F001 /* CheckInDuckDeviceActivityMonitor.appex */;
			productType = "com.apple.product-type.app-extension";
		};
		B410001A2F91000100D0F001 /* CheckInDuckWidget */ = {
			isa = PBXNativeTarget;
			buildConfigurationList = B41000232F91000100D0F001 /* Build configuration list for PBXNativeTarget "CheckInDuckWidget" */;
			buildPhases = (
				B410000F2F91000100D0F001 /* Sources */,
				B41000092F91000100D0F001 /* Frameworks */,
				B410000C2F91000100D0F001 /* Resources */,
			);
			buildRules = (
			);
			dependencies = (
			);
			fileSystemSynchronizedGroups = (
				B41000062F91000100D0F001 /* CheckInDuckWidget */,
			);
			name = CheckInDuckWidget;
			packageProductDependencies = (
			);
			productName = CheckInDuckWidget;
			productReference = B41000032F91000100D0F001 /* CheckInDuckWidget.appex */;
			productType = "com.apple.product-type.app-extension";
		};
		F006B40F2F63A6CC00A17BC8 /* CheckInDuck */ = {
			isa = PBXNativeTarget;
			buildConfigurationList = F006B41B2F63A6CD00A17BC8 /* Build configuration list for PBXNativeTarget "CheckInDuck" */;
			buildPhases = (
				F006B40C2F63A6CC00A17BC8 /* Sources */,
				F006B40D2F63A6CC00A17BC8 /* Frameworks */,
				F006B40E2F63A6CC00A17BC8 /* Resources */,
				A31000102F90000100D0F001 /* Embed App Extensions */,
			);
			buildRules = (
			);
			dependencies = (
				B41000172F91000100D0F001 /* PBXTargetDependency */,
				A31000172F90000100D0F001 /* PBXTargetDependency */,
			);
			fileSystemSynchronizedGroups = (
				F006B4122F63A6CC00A17BC8 /* CheckInDuck */,
			);
			name = CheckInDuck;
			packageProductDependencies = (
			);
			productName = CheckInDuck;
			productReference = F006B4102F63A6CC00A17BC8 /* CheckInDuck.app */;
			productType = "com.apple.product-type.application";
		};
/* End PBXNativeTarget section */

/* Begin PBXProject section */
		F006B4082F63A6CC00A17BC8 /* Project object */ = {
			isa = PBXProject;
			attributes = {
				BuildIndependentTargetsInParallel = 1;
				LastSwiftUpdateCheck = 2610;
				LastUpgradeCheck = 2610;
				TargetAttributes = {
					A31000182F90000100D0F001 = {
						CreatedOnToolsVersion = 26.1.1;
						TestTargetID = F006B40F2F63A6CC00A17BC8;
					};
					A31000192F90000100D0F001 = {
						CreatedOnToolsVersion = 26.1.1;
						TestTargetID = F006B40F2F63A6CC00A17BC8;
					};
					A310001A2F90000100D0F001 = {
						CreatedOnToolsVersion = 26.1.1;
					};
					B410001A2F91000100D0F001 = {
						CreatedOnToolsVersion = 26.1.1;
					};
					F006B40F2F63A6CC00A17BC8 = {
						CreatedOnToolsVersion = 26.1.1;
					};
				};
			};
			buildConfigurationList = F006B40B2F63A6CC00A17BC8 /* Build configuration list for PBXProject "CheckInDuck" */;
			developmentRegion = en;
			hasScannedForEncodings = 0;
			knownRegions = (
				en,
				Base,
				"zh-Hans",
			);
			mainGroup = F006B4072F63A6CC00A17BC8;
			minimizedProjectReferenceProxies = 1;
			preferredProjectObjectVersion = 77;
			productRefGroup = F006B4112F63A6CC00A17BC8 /* Products */;
			projectDirPath = "";
			projectRoot = "";
			targets = (
				F006B40F2F63A6CC00A17BC8 /* CheckInDuck */,
				B410001A2F91000100D0F001 /* CheckInDuckWidget */,
				A31000182F90000100D0F001 /* CheckInDuckTests */,
				A31000192F90000100D0F001 /* CheckInDuckUITests */,
				A310001A2F90000100D0F001 /* CheckInDuckDeviceActivityMonitor */,
			);
		};
/* End PBXProject section */

/* Begin PBXResourcesBuildPhase section */
		A310000A2F90000100D0F001 /* Resources */ = {
			isa = PBXResourcesBuildPhase;
			buildActionMask = 2147483647;
			files = (
			);
			runOnlyForDeploymentPostprocessing = 0;
		};
		A310000B2F90000100D0F001 /* Resources */ = {
			isa = PBXResourcesBuildPhase;
			buildActionMask = 2147483647;
			files = (
			);
			runOnlyForDeploymentPostprocessing = 0;
		};
		A310000C2F90000100D0F001 /* Resources */ = {
			isa = PBXResourcesBuildPhase;
			buildActionMask = 2147483647;
			files = (
			);
			runOnlyForDeploymentPostprocessing = 0;
		};
		B410000C2F91000100D0F001 /* Resources */ = {
			isa = PBXResourcesBuildPhase;
			buildActionMask = 2147483647;
			files = (
			);
			runOnlyForDeploymentPostprocessing = 0;
		};
		F006B40E2F63A6CC00A17BC8 /* Resources */ = {
			isa = PBXResourcesBuildPhase;
			buildActionMask = 2147483647;
			files = (
			);
			runOnlyForDeploymentPostprocessing = 0;
		};
/* End PBXResourcesBuildPhase section */

/* Begin PBXSourcesBuildPhase section */
		A310000D2F90000100D0F001 /* Sources */ = {
			isa = PBXSourcesBuildPhase;
			buildActionMask = 2147483647;
			files = (
			);
			runOnlyForDeploymentPostprocessing = 0;
		};
		A310000E2F90000100D0F001 /* Sources */ = {
			isa = PBXSourcesBuildPhase;
			buildActionMask = 2147483647;
			files = (
			);
			runOnlyForDeploymentPostprocessing = 0;
		};
		A310000F2F90000100D0F001 /* Sources */ = {
			isa = PBXSourcesBuildPhase;
			buildActionMask = 2147483647;
			files = (
			);
			runOnlyForDeploymentPostprocessing = 0;
		};
		B410000F2F91000100D0F001 /* Sources */ = {
			isa = PBXSourcesBuildPhase;
			buildActionMask = 2147483647;
			files = (
			);
			runOnlyForDeploymentPostprocessing = 0;
		};
		F006B40C2F63A6CC00A17BC8 /* Sources */ = {
			isa = PBXSourcesBuildPhase;
			buildActionMask = 2147483647;
			files = (
			);
			runOnlyForDeploymentPostprocessing = 0;
		};
/* End PBXSourcesBuildPhase section */

/* Begin PBXTargetDependency section */
		A31000152F90000100D0F001 /* PBXTargetDependency */ = {
			isa = PBXTargetDependency;
			target = F006B40F2F63A6CC00A17BC8 /* CheckInDuck */;
			targetProxy = A31000122F90000100D0F001 /* PBXContainerItemProxy */;
		};
		A31000162F90000100D0F001 /* PBXTargetDependency */ = {
			isa = PBXTargetDependency;
			target = F006B40F2F63A6CC00A17BC8 /* CheckInDuck */;
			targetProxy = A31000132F90000100D0F001 /* PBXContainerItemProxy */;
		};
		A31000172F90000100D0F001 /* PBXTargetDependency */ = {
			isa = PBXTargetDependency;
			target = A310001A2F90000100D0F001 /* CheckInDuckDeviceActivityMonitor */;
			targetProxy = A31000142F90000100D0F001 /* PBXContainerItemProxy */;
		};
		B41000172F91000100D0F001 /* PBXTargetDependency */ = {
			isa = PBXTargetDependency;
			target = B410001A2F91000100D0F001 /* CheckInDuckWidget */;
			targetProxy = B41000142F91000100D0F001 /* PBXContainerItemProxy */;
		};
/* End PBXTargetDependency section */

/* Begin XCBuildConfiguration section */
		A310001B2F90000100D0F001 /* Debug */ = {
			isa = XCBuildConfiguration;
			buildSettings = {
				BUNDLE_LOADER = "$(TEST_HOST)";
				CODE_SIGN_STYLE = Automatic;
				CURRENT_PROJECT_VERSION = 1;
				DEVELOPMENT_TEAM = U63Y469ZH6;
				GENERATE_INFOPLIST_FILE = YES;
				IPHONEOS_DEPLOYMENT_TARGET = 16.0;
				MARKETING_VERSION = 1.0;
				PRODUCT_BUNDLE_IDENTIFIER = com.wang.CheckInDuckTests;
				PRODUCT_NAME = "$(TARGET_NAME)";
				STRING_CATALOG_GENERATE_SYMBOLS = NO;
				SUPPORTED_PLATFORMS = "iphoneos iphonesimulator";
				SWIFT_EMIT_LOC_STRINGS = NO;
				SWIFT_VERSION = 5.0;
				TARGETED_DEVICE_FAMILY = "1,2";
				TEST_HOST = "$(BUILT_PRODUCTS_DIR)/CheckInDuck.app/$(BUNDLE_EXECUTABLE_FOLDER_PATH)/CheckInDuck";
			};
			name = Debug;
		};
		A310001C2F90000100D0F001 /* Release */ = {
			isa = XCBuildConfiguration;
			buildSettings = {
				BUNDLE_LOADER = "$(TEST_HOST)";
				CODE_SIGN_STYLE = Automatic;
				CURRENT_PROJECT_VERSION = 1;
				DEVELOPMENT_TEAM = U63Y469ZH6;
				GENERATE_INFOPLIST_FILE = YES;
				IPHONEOS_DEPLOYMENT_TARGET = 16.0;
				MARKETING_VERSION = 1.0;
				PRODUCT_BUNDLE_IDENTIFIER = com.wang.CheckInDuckTests;
				PRODUCT_NAME = "$(TARGET_NAME)";
				STRING_CATALOG_GENERATE_SYMBOLS = NO;
				SUPPORTED_PLATFORMS = "iphoneos iphonesimulator";
				SWIFT_EMIT_LOC_STRINGS = NO;
				SWIFT_VERSION = 5.0;
				TARGETED_DEVICE_FAMILY = "1,2";
				TEST_HOST = "$(BUILT_PRODUCTS_DIR)/CheckInDuck.app/$(BUNDLE_EXECUTABLE_FOLDER_PATH)/CheckInDuck";
			};
			name = Release;
		};
		A310001D2F90000100D0F001 /* Debug */ = {
			isa = XCBuildConfiguration;
			buildSettings = {
				CODE_SIGN_STYLE = Automatic;
				CURRENT_PROJECT_VERSION = 1;
				DEVELOPMENT_TEAM = U63Y469ZH6;
				GENERATE_INFOPLIST_FILE = YES;
				MARKETING_VERSION = 1.0;
				PRODUCT_BUNDLE_IDENTIFIER = com.wang.CheckInDuckUITests;
				PRODUCT_NAME = "$(TARGET_NAME)";
				STRING_CATALOG_GENERATE_SYMBOLS = NO;
				SUPPORTED_PLATFORMS = "iphoneos iphonesimulator";
				SWIFT_EMIT_LOC_STRINGS = NO;
				SWIFT_VERSION = 5.0;
				TARGETED_DEVICE_FAMILY = "1,2";
				TEST_TARGET_NAME = CheckInDuck;
			};
			name = Debug;
		};
		A310001E2F90000100D0F001 /* Release */ = {
			isa = XCBuildConfiguration;
			buildSettings = {
				CODE_SIGN_STYLE = Automatic;
				CURRENT_PROJECT_VERSION = 1;
				DEVELOPMENT_TEAM = U63Y469ZH6;
				GENERATE_INFOPLIST_FILE = YES;
				MARKETING_VERSION = 1.0;
				PRODUCT_BUNDLE_IDENTIFIER = com.wang.CheckInDuckUITests;
				PRODUCT_NAME = "$(TARGET_NAME)";
				STRING_CATALOG_GENERATE_SYMBOLS = NO;
				SUPPORTED_PLATFORMS = "iphoneos iphonesimulator";
				SWIFT_EMIT_LOC_STRINGS = NO;
				SWIFT_VERSION = 5.0;
				TARGETED_DEVICE_FAMILY = "1,2";
				TEST_TARGET_NAME = CheckInDuck;
			};
			name = Release;
		};
		A310001F2F90000100D0F001 /* Debug */ = {
			isa = XCBuildConfiguration;
			buildSettings = {
				APPLICATION_EXTENSION_API_ONLY = YES;
				CODE_SIGN_ENTITLEMENTS = CheckInDuckDeviceActivityMonitor/CheckInDuckDeviceActivityMonitor.entitlements;
				CODE_SIGN_STYLE = Automatic;
				CURRENT_PROJECT_VERSION = 1;
				DEVELOPMENT_TEAM = U63Y469ZH6;
				GENERATE_INFOPLIST_FILE = NO;
				INFOPLIST_FILE = "Config/CheckInDuckDeviceActivityMonitor-Info.plist";
				IPHONEOS_DEPLOYMENT_TARGET = 16.0;
				LD_RUNPATH_SEARCH_PATHS = (
					"$(inherited)",
					"@executable_path/Frameworks",
					"@executable_path/../../Frameworks",
				);
				MARKETING_VERSION = 1.0;
				PRODUCT_BUNDLE_IDENTIFIER = com.wang.CheckInDuck.DeviceActivityMonitor;
				PRODUCT_NAME = "$(TARGET_NAME)";
				SKIP_INSTALL = YES;
				SUPPORTED_PLATFORMS = "iphoneos iphonesimulator";
				SWIFT_EMIT_LOC_STRINGS = YES;
				SWIFT_VERSION = 5.0;
				TARGETED_DEVICE_FAMILY = "1,2";
			};
			name = Debug;
		};
		A31000202F90000100D0F001 /* Release */ = {
			isa = XCBuildConfiguration;
			buildSettings = {
				APPLICATION_EXTENSION_API_ONLY = YES;
				CODE_SIGN_ENTITLEMENTS = CheckInDuckDeviceActivityMonitor/CheckInDuckDeviceActivityMonitor.entitlements;
				CODE_SIGN_STYLE = Automatic;
				CURRENT_PROJECT_VERSION = 1;
				DEVELOPMENT_TEAM = U63Y469ZH6;
				GENERATE_INFOPLIST_FILE = NO;
				INFOPLIST_FILE = "Config/CheckInDuckDeviceActivityMonitor-Info.plist";
				IPHONEOS_DEPLOYMENT_TARGET = 16.0;
				LD_RUNPATH_SEARCH_PATHS = (
					"$(inherited)",
					"@executable_path/Frameworks",
					"@executable_path/../../Frameworks",
				);
				MARKETING_VERSION = 1.0;
				PRODUCT_BUNDLE_IDENTIFIER = com.wang.CheckInDuck.DeviceActivityMonitor;
				PRODUCT_NAME = "$(TARGET_NAME)";
				SKIP_INSTALL = YES;
				SUPPORTED_PLATFORMS = "iphoneos iphonesimulator";
				SWIFT_EMIT_LOC_STRINGS = YES;
				SWIFT_VERSION = 5.0;
				TARGETED_DEVICE_FAMILY = "1,2";
			};
			name = Release;
		};
		B410001F2F91000100D0F001 /* Debug */ = {
			isa = XCBuildConfiguration;
			buildSettings = {
				APPLICATION_EXTENSION_API_ONLY = YES;
				CODE_SIGN_ENTITLEMENTS = CheckInDuckWidget/CheckInDuckWidget.entitlements;
				CODE_SIGN_STYLE = Automatic;
				CURRENT_PROJECT_VERSION = 1;
				DEVELOPMENT_TEAM = U63Y469ZH6;
				GENERATE_INFOPLIST_FILE = NO;
				INFOPLIST_FILE = "Config/CheckInDuckWidget-Info.plist";
				IPHONEOS_DEPLOYMENT_TARGET = 16.0;
				LD_RUNPATH_SEARCH_PATHS = (
					"$(inherited)",
					"@executable_path/Frameworks",
					"@executable_path/../../Frameworks",
				);
				MARKETING_VERSION = 1.0;
				PRODUCT_BUNDLE_IDENTIFIER = com.wang.CheckInDuck.Widget;
				PRODUCT_NAME = "$(TARGET_NAME)";
				SKIP_INSTALL = YES;
				SUPPORTED_PLATFORMS = "iphoneos iphonesimulator";
				SWIFT_EMIT_LOC_STRINGS = YES;
				SWIFT_VERSION = 5.0;
				TARGETED_DEVICE_FAMILY = "1,2";
			};
			name = Debug;
		};
		B41000202F91000100D0F001 /* Release */ = {
			isa = XCBuildConfiguration;
			buildSettings = {
				APPLICATION_EXTENSION_API_ONLY = YES;
				CODE_SIGN_ENTITLEMENTS = CheckInDuckWidget/CheckInDuckWidget.entitlements;
				CODE_SIGN_STYLE = Automatic;
				CURRENT_PROJECT_VERSION = 1;
				DEVELOPMENT_TEAM = U63Y469ZH6;
				GENERATE_INFOPLIST_FILE = NO;
				INFOPLIST_FILE = "Config/CheckInDuckWidget-Info.plist";
				IPHONEOS_DEPLOYMENT_TARGET = 16.0;
				LD_RUNPATH_SEARCH_PATHS = (
					"$(inherited)",
					"@executable_path/Frameworks",
					"@executable_path/../../Frameworks",
				);
				MARKETING_VERSION = 1.0;
				PRODUCT_BUNDLE_IDENTIFIER = com.wang.CheckInDuck.Widget;
				PRODUCT_NAME = "$(TARGET_NAME)";
				SKIP_INSTALL = YES;
				SUPPORTED_PLATFORMS = "iphoneos iphonesimulator";
				SWIFT_EMIT_LOC_STRINGS = YES;
				SWIFT_VERSION = 5.0;
				TARGETED_DEVICE_FAMILY = "1,2";
			};
			name = Release;
		};
		F006B4192F63A6CD00A17BC8 /* Debug */ = {
			isa = XCBuildConfiguration;
			buildSettings = {
				ALWAYS_SEARCH_USER_PATHS = NO;
				ASSETCATALOG_COMPILER_GENERATE_SWIFT_ASSET_SYMBOL_EXTENSIONS = YES;
				CLANG_ANALYZER_NONNULL = YES;
				CLANG_ANALYZER_NUMBER_OBJECT_CONVERSION = YES_AGGRESSIVE;
				CLANG_CXX_LANGUAGE_STANDARD = "gnu++20";
				CLANG_ENABLE_MODULES = YES;
				CLANG_ENABLE_OBJC_ARC = YES;
				CLANG_ENABLE_OBJC_WEAK = YES;
				CLANG_WARN_BLOCK_CAPTURE_AUTORELEASING = YES;
				CLANG_WARN_BOOL_CONVERSION = YES;
				CLANG_WARN_COMMA = YES;
				CLANG_WARN_CONSTANT_CONVERSION = YES;
				CLANG_WARN_DEPRECATED_OBJC_IMPLEMENTATIONS = YES;
				CLANG_WARN_DIRECT_OBJC_ISA_USAGE = YES_ERROR;
				CLANG_WARN_DOCUMENTATION_COMMENTS = YES;
				CLANG_WARN_EMPTY_BODY = YES;
				CLANG_WARN_ENUM_CONVERSION = YES;
				CLANG_WARN_INFINITE_RECURSION = YES;
				CLANG_WARN_INT_CONVERSION = YES;
				CLANG_WARN_NON_LITERAL_NULL_CONVERSION = YES;
				CLANG_WARN_OBJC_IMPLICIT_RETAIN_SELF = YES;
				CLANG_WARN_OBJC_LITERAL_CONVERSION = YES;
				CLANG_WARN_OBJC_ROOT_CLASS = YES_ERROR;
				CLANG_WARN_QUOTED_INCLUDE_IN_FRAMEWORK_HEADER = YES;
				CLANG_WARN_RANGE_LOOP_ANALYSIS = YES;
				CLANG_WARN_STRICT_PROTOTYPES = YES;
				CLANG_WARN_SUSPICIOUS_MOVE = YES;
				CLANG_WARN_UNGUARDED_AVAILABILITY = YES_AGGRESSIVE;
				CLANG_WARN_UNREACHABLE_CODE = YES;
				CLANG_WARN__DUPLICATE_METHOD_MATCH = YES;
				COPY_PHASE_STRIP = NO;
				DEBUG_INFORMATION_FORMAT = dwarf;
				DEVELOPMENT_TEAM = U63Y469ZH6;
				ENABLE_STRICT_OBJC_MSGSEND = YES;
				ENABLE_TESTABILITY = YES;
				ENABLE_USER_SCRIPT_SANDBOXING = YES;
				GCC_C_LANGUAGE_STANDARD = gnu17;
				GCC_DYNAMIC_NO_PIC = NO;
				GCC_NO_COMMON_BLOCKS = YES;
				GCC_OPTIMIZATION_LEVEL = 0;
				GCC_PREPROCESSOR_DEFINITIONS = (
					"DEBUG=1",
					"$(inherited)",
				);
				GCC_WARN_64_TO_32_BIT_CONVERSION = YES;
				GCC_WARN_ABOUT_RETURN_TYPE = YES_ERROR;
				GCC_WARN_UNDECLARED_SELECTOR = YES;
				GCC_WARN_UNINITIALIZED_AUTOS = YES_AGGRESSIVE;
				GCC_WARN_UNUSED_FUNCTION = YES;
				GCC_WARN_UNUSED_VARIABLE = YES;
				IPHONEOS_DEPLOYMENT_TARGET = 16.0;
				LOCALIZATION_PREFERS_STRING_CATALOGS = YES;
				MTL_ENABLE_DEBUG_INFO = INCLUDE_SOURCE;
				MTL_FAST_MATH = YES;
				ONLY_ACTIVE_ARCH = YES;
				SDKROOT = iphoneos;
				SWIFT_ACTIVE_COMPILATION_CONDITIONS = "DEBUG $(inherited)";
				SWIFT_OPTIMIZATION_LEVEL = "-Onone";
			};
			name = Debug;
		};
		F006B41A2F63A6CD00A17BC8 /* Release */ = {
			isa = XCBuildConfiguration;
			buildSettings = {
				ALWAYS_SEARCH_USER_PATHS = NO;
				ASSETCATALOG_COMPILER_GENERATE_SWIFT_ASSET_SYMBOL_EXTENSIONS = YES;
				CLANG_ANALYZER_NONNULL = YES;
				CLANG_ANALYZER_NUMBER_OBJECT_CONVERSION = YES_AGGRESSIVE;
				CLANG_CXX_LANGUAGE_STANDARD = "gnu++20";
				CLANG_ENABLE_MODULES = YES;
				CLANG_ENABLE_OBJC_ARC = YES;
				CLANG_ENABLE_OBJC_WEAK = YES;
				CLANG_WARN_BLOCK_CAPTURE_AUTORELEASING = YES;
				CLANG_WARN_BOOL_CONVERSION = YES;
				CLANG_WARN_COMMA = YES;
				CLANG_WARN_CONSTANT_CONVERSION = YES;
				CLANG_WARN_DEPRECATED_OBJC_IMPLEMENTATIONS = YES;
				CLANG_WARN_DIRECT_OBJC_ISA_USAGE = YES_ERROR;
				CLANG_WARN_DOCUMENTATION_COMMENTS = YES;
				CLANG_WARN_EMPTY_BODY = YES;
				CLANG_WARN_ENUM_CONVERSION = YES;
				CLANG_WARN_INFINITE_RECURSION = YES;
				CLANG_WARN_INT_CONVERSION = YES;
				CLANG_WARN_NON_LITERAL_NULL_CONVERSION = YES;
				CLANG_WARN_OBJC_IMPLICIT_RETAIN_SELF = YES;
				CLANG_WARN_OBJC_LITERAL_CONVERSION = YES;
				CLANG_WARN_OBJC_ROOT_CLASS = YES_ERROR;
				CLANG_WARN_QUOTED_INCLUDE_IN_FRAMEWORK_HEADER = YES;
				CLANG_WARN_RANGE_LOOP_ANALYSIS = YES;
				CLANG_WARN_STRICT_PROTOTYPES = YES;
				CLANG_WARN_SUSPICIOUS_MOVE = YES;
				CLANG_WARN_UNGUARDED_AVAILABILITY = YES_AGGRESSIVE;
				CLANG_WARN_UNREACHABLE_CODE = YES;
				CLANG_WARN__DUPLICATE_METHOD_MATCH = YES;
				COPY_PHASE_STRIP = NO;
				DEBUG_INFORMATION_FORMAT = "dwarf-with-dsym";
				DEVELOPMENT_TEAM = U63Y469ZH6;
				ENABLE_NS_ASSERTIONS = NO;
				ENABLE_STRICT_OBJC_MSGSEND = YES;
				ENABLE_USER_SCRIPT_SANDBOXING = YES;
				GCC_C_LANGUAGE_STANDARD = gnu17;
				GCC_NO_COMMON_BLOCKS = YES;
				GCC_WARN_64_TO_32_BIT_CONVERSION = YES;
				GCC_WARN_ABOUT_RETURN_TYPE = YES_ERROR;
				GCC_WARN_UNDECLARED_SELECTOR = YES;
				GCC_WARN_UNINITIALIZED_AUTOS = YES_AGGRESSIVE;
				GCC_WARN_UNUSED_FUNCTION = YES;
				GCC_WARN_UNUSED_VARIABLE = YES;
				IPHONEOS_DEPLOYMENT_TARGET = 16.0;
				LOCALIZATION_PREFERS_STRING_CATALOGS = YES;
				MTL_ENABLE_DEBUG_INFO = NO;
				MTL_FAST_MATH = YES;
				SDKROOT = iphoneos;
				SWIFT_COMPILATION_MODE = wholemodule;
			};
			name = Release;
		};
		F006B41C2F63A6CD00A17BC8 /* Debug */ = {
			isa = XCBuildConfiguration;
			buildSettings = {
				ASSETCATALOG_COMPILER_APPICON_NAME = AppIcon;
				ASSETCATALOG_COMPILER_GLOBAL_ACCENT_COLOR_NAME = AccentColor;
				CODE_SIGN_ENTITLEMENTS = CheckInDuck/CheckInDuck.entitlements;
				CODE_SIGN_STYLE = Automatic;
				CURRENT_PROJECT_VERSION = 1;
				DEVELOPMENT_TEAM = U63Y469ZH6;
				ENABLE_APP_SANDBOX = YES;
				ENABLE_HARDENED_RUNTIME = YES;
				ENABLE_PREVIEWS = YES;
				ENABLE_USER_SELECTED_FILES = readonly;
				GENERATE_INFOPLIST_FILE = YES;
				"INFOPLIST_KEY_UIApplicationSceneManifest_Generation[sdk=iphoneos*]" = YES;
				"INFOPLIST_KEY_UIApplicationSceneManifest_Generation[sdk=iphonesimulator*]" = YES;
				"INFOPLIST_KEY_UIApplicationSupportsIndirectInputEvents[sdk=iphoneos*]" = YES;
				"INFOPLIST_KEY_UIApplicationSupportsIndirectInputEvents[sdk=iphonesimulator*]" = YES;
				"INFOPLIST_KEY_UILaunchScreen_Generation[sdk=iphoneos*]" = YES;
				"INFOPLIST_KEY_UILaunchScreen_Generation[sdk=iphonesimulator*]" = YES;
				"INFOPLIST_KEY_UIStatusBarStyle[sdk=iphoneos*]" = UIStatusBarStyleDefault;
				"INFOPLIST_KEY_UIStatusBarStyle[sdk=iphonesimulator*]" = UIStatusBarStyleDefault;
				INFOPLIST_KEY_UISupportedInterfaceOrientations_iPad = "UIInterfaceOrientationPortrait UIInterfaceOrientationPortraitUpsideDown UIInterfaceOrientationLandscapeLeft UIInterfaceOrientationLandscapeRight";
				INFOPLIST_KEY_UISupportedInterfaceOrientations_iPhone = "UIInterfaceOrientationPortrait UIInterfaceOrientationLandscapeLeft UIInterfaceOrientationLandscapeRight";
				IPHONEOS_DEPLOYMENT_TARGET = 16.0;
				LD_RUNPATH_SEARCH_PATHS = "@executable_path/Frameworks";
				"LD_RUNPATH_SEARCH_PATHS[sdk=macosx*]" = "@executable_path/../Frameworks";
				MARKETING_VERSION = 1.0;
				PRODUCT_BUNDLE_IDENTIFIER = com.wang.CheckInDuck;
				PRODUCT_NAME = "$(TARGET_NAME)";
				REGISTER_APP_GROUPS = YES;
				SDKROOT = iphoneos;
				STRING_CATALOG_GENERATE_SYMBOLS = YES;
				SUPPORTED_PLATFORMS = "iphoneos iphonesimulator";
				SWIFT_APPROACHABLE_CONCURRENCY = YES;
				SWIFT_DEFAULT_ACTOR_ISOLATION = MainActor;
				SWIFT_EMIT_LOC_STRINGS = YES;
				SWIFT_UPCOMING_FEATURE_MEMBER_IMPORT_VISIBILITY = YES;
				SWIFT_VERSION = 5.0;
				TARGETED_DEVICE_FAMILY = "1,2";
			};
			name = Debug;
		};
		F006B41D2F63A6CD00A17BC8 /* Release */ = {
			isa = XCBuildConfiguration;
			buildSettings = {
				ASSETCATALOG_COMPILER_APPICON_NAME = AppIcon;
				ASSETCATALOG_COMPILER_GLOBAL_ACCENT_COLOR_NAME = AccentColor;
				CODE_SIGN_ENTITLEMENTS = CheckInDuck/CheckInDuck.entitlements;
				CODE_SIGN_STYLE = Automatic;
				CURRENT_PROJECT_VERSION = 1;
				DEVELOPMENT_TEAM = U63Y469ZH6;
				ENABLE_APP_SANDBOX = YES;
				ENABLE_HARDENED_RUNTIME = YES;
				ENABLE_PREVIEWS = YES;
				ENABLE_USER_SELECTED_FILES = readonly;
				GENERATE_INFOPLIST_FILE = YES;
				"INFOPLIST_KEY_UIApplicationSceneManifest_Generation[sdk=iphoneos*]" = YES;
				"INFOPLIST_KEY_UIApplicationSceneManifest_Generation[sdk=iphonesimulator*]" = YES;
				"INFOPLIST_KEY_UIApplicationSupportsIndirectInputEvents[sdk=iphoneos*]" = YES;
				"INFOPLIST_KEY_UIApplicationSupportsIndirectInputEvents[sdk=iphonesimulator*]" = YES;
				"INFOPLIST_KEY_UILaunchScreen_Generation[sdk=iphoneos*]" = YES;
				"INFOPLIST_KEY_UILaunchScreen_Generation[sdk=iphonesimulator*]" = YES;
				"INFOPLIST_KEY_UIStatusBarStyle[sdk=iphoneos*]" = UIStatusBarStyleDefault;
				"INFOPLIST_KEY_UIStatusBarStyle[sdk=iphonesimulator*]" = UIStatusBarStyleDefault;
				INFOPLIST_KEY_UISupportedInterfaceOrientations_iPad = "UIInterfaceOrientationPortrait UIInterfaceOrientationPortraitUpsideDown UIInterfaceOrientationLandscapeLeft UIInterfaceOrientationLandscapeRight";
				INFOPLIST_KEY_UISupportedInterfaceOrientations_iPhone = "UIInterfaceOrientationPortrait UIInterfaceOrientationLandscapeLeft UIInterfaceOrientationLandscapeRight";
				IPHONEOS_DEPLOYMENT_TARGET = 16.0;
				LD_RUNPATH_SEARCH_PATHS = "@executable_path/Frameworks";
				"LD_RUNPATH_SEARCH_PATHS[sdk=macosx*]" = "@executable_path/../Frameworks";
				MARKETING_VERSION = 1.0;
				PRODUCT_BUNDLE_IDENTIFIER = com.wang.CheckInDuck;
				PRODUCT_NAME = "$(TARGET_NAME)";
				REGISTER_APP_GROUPS = YES;
				SDKROOT = iphoneos;
				STRING_CATALOG_GENERATE_SYMBOLS = YES;
				SUPPORTED_PLATFORMS = "iphoneos iphonesimulator";
				SWIFT_APPROACHABLE_CONCURRENCY = YES;
				SWIFT_DEFAULT_ACTOR_ISOLATION = MainActor;
				SWIFT_EMIT_LOC_STRINGS = YES;
				SWIFT_UPCOMING_FEATURE_MEMBER_IMPORT_VISIBILITY = YES;
				SWIFT_VERSION = 5.0;
				TARGETED_DEVICE_FAMILY = "1,2";
			};
			name = Release;
		};
/* End XCBuildConfiguration section */

/* Begin XCConfigurationList section */
		A31000212F90000100D0F001 /* Build configuration list for PBXNativeTarget "CheckInDuckTests" */ = {
			isa = XCConfigurationList;
			buildConfigurations = (
				A310001B2F90000100D0F001 /* Debug */,
				A310001C2F90000100D0F001 /* Release */,
			);
			defaultConfigurationIsVisible = 0;
			defaultConfigurationName = Release;
		};
		A31000222F90000100D0F001 /* Build configuration list for PBXNativeTarget "CheckInDuckUITests" */ = {
			isa = XCConfigurationList;
			buildConfigurations = (
				A310001D2F90000100D0F001 /* Debug */,
				A310001E2F90000100D0F001 /* Release */,
			);
			defaultConfigurationIsVisible = 0;
			defaultConfigurationName = Release;
		};
		A31000232F90000100D0F001 /* Build configuration list for PBXNativeTarget "CheckInDuckDeviceActivityMonitor" */ = {
			isa = XCConfigurationList;
			buildConfigurations = (
				A310001F2F90000100D0F001 /* Debug */,
				A31000202F90000100D0F001 /* Release */,
			);
			defaultConfigurationIsVisible = 0;
			defaultConfigurationName = Release;
		};
		B41000232F91000100D0F001 /* Build configuration list for PBXNativeTarget "CheckInDuckWidget" */ = {
			isa = XCConfigurationList;
			buildConfigurations = (
				B410001F2F91000100D0F001 /* Debug */,
				B41000202F91000100D0F001 /* Release */,
			);
			defaultConfigurationIsVisible = 0;
			defaultConfigurationName = Release;
		};
		F006B40B2F63A6CC00A17BC8 /* Build configuration list for PBXProject "CheckInDuck" */ = {
			isa = XCConfigurationList;
			buildConfigurations = (
				F006B4192F63A6CD00A17BC8 /* Debug */,
				F006B41A2F63A6CD00A17BC8 /* Release */,
			);
			defaultConfigurationIsVisible = 0;
			defaultConfigurationName = Release;
		};
		F006B41B2F63A6CD00A17BC8 /* Build configuration list for PBXNativeTarget "CheckInDuck" */ = {
			isa = XCConfigurationList;
			buildConfigurations = (
				F006B41C2F63A6CD00A17BC8 /* Debug */,
				F006B41D2F63A6CD00A17BC8 /* Release */,
			);
			defaultConfigurationIsVisible = 0;
			defaultConfigurationName = Release;
		};
/* End XCConfigurationList section */
	};
	rootObject = F006B4082F63A6CC00A17BC8 /* Project object */;
}
